
Microsoft Visual Studio Solution File, Format Version 12.00
# Visual Studio Version 17
VisualStudioVersion = 17.6.33801.468
MinimumVisualStudioVersion = 10.0.40219.1
Project("{FAE04EC0-301F-11D3-BF4B-00C04F79EFBC}") = "StringCipherLib", "StringCipherLib\StringCipherLib.csproj", "{FB9354C1-9670-4929-BCA7-CC59C68CADB5}"
EndProject
Global
	GlobalSection(SolutionConfigurationPlatforms) = preSolution
		Debug|Any CPU = Debug|Any CPU
		Release|Any CPU = Release|Any CPU
	EndGlobalSection
	GlobalSection(ProjectConfigurationPlatforms) = postSolution
		{FB9354C1-9670-4929-BCA7-CC59C68CADB5}.Debug|Any CPU.ActiveCfg = Debug|Any CPU
		{FB9354C1-9670-4929-BCA7-CC59C68CADB5}.Debug|Any CPU.Build.0 = Debug|Any CPU
		{FB9354C1-9670-4929-BCA7-CC59C68CADB5}.Release|Any CPU.ActiveCfg = Release|Any CPU
		{FB9354C1-9670-4929-BCA7-CC59C68CADB5}.Release|Any CPU.Build.0 = Release|Any CPU
	EndGlobalSection
	GlobalSection(SolutionProperties) = preSolution
		HideSolutionNode = FALSE
	EndGlobalSection
	GlobalSection(ExtensibilityGlobals) = postSolution
		SolutionGuid = {39256660-C850-4F25-930C-4CD061FB8A9D}
	EndGlobalSection
EndGlobal
